
Microsoft Visual Studio Solution File, Format Version 12.00
# Visual Studio Version 16
VisualStudioVersion = 16.0.808.4
MinimumVisualStudioVersion = 10.0.40219.1
Project("{FAE04EC0-301F-11D3-BF4B-00C04F79EFBC}") = "HelloWorld", "HelloWorld\HelloWorld.csproj", "{4D130070-9091-4FC6-B73B-847BC5392667}"
EndProject
Global
	GlobalSection(SolutionConfigurationPlatforms) = preSolution
		Debug|Any CPU = Debug|Any CPU
		Release|Any CPU = Release|Any CPU
	EndGlobalSection
	GlobalSection(ProjectConfigurationPlatforms) = postSolution
		{4D130070-9091-4FC6-B73B-847BC5392667}.Debug|Any CPU.ActiveCfg = Debug|Any CPU
		{4D130070-9091-4FC6-B73B-847BC5392667}.Debug|Any CPU.Build.0 = Debug|Any CPU
		{4D130070-9091-4FC6-B73B-847BC5392667}.Release|Any CPU.ActiveCfg = Release|Any CPU
		{4D130070-9091-4FC6-B73B-847BC5392667}.Release|Any CPU.Build.0 = Release|Any CPU
	EndGlobalSection
	GlobalSection(SolutionProperties) = preSolution
		HideSolutionNode = FALSE
	EndGlobalSection
	GlobalSection(ExtensibilityGlobals) = postSolution
		SolutionGuid = {35AEC6AE-5473-45C6-A2B0-8ABAEB9E47A4}
	EndGlobalSection
EndGlobal
